// !$*UTF8*$!
{
	archiveVersion = 1;
	classes = {
	};
	objectVersion = 50;
	objects = {

/* Begin PBXBuildFile section */
		7BEB0EEF20A5EBAA006EC984 /* UICollectionView+UnblockedBatchUpdates.swift in Sources */ = {isa = PBXBuildFile; fileRef = 7BEB0EEC20A5EBAA006EC984 /* UICollectionView+UnblockedBatchUpdates.swift */; };
		7BEB0EF020A5EBAA006EC984 /* UITableView+FetchedResultsControllerConveniences.swift in Sources */ = {isa = PBXBuildFile; fileRef = 7BEB0EED20A5EBAA006EC984 /* UITableView+FetchedResultsControllerConveniences.swift */; };
		7BEB0EF120A5EBAA006EC984 /* UICollectionView+FetchedResultsControllerConveniences.swift in Sources */ = {isa = PBXBuildFile; fileRef = 7BEB0EEE20A5EBAA006EC984 /* UICollectionView+FetchedResultsControllerConveniences.swift */; };
		7BF0DDA42232D41900E99660 /* UITableView+FetchedResultsControllerConveniences.swift in Sources */ = {isa = PBXBuildFile; fileRef = 7BEB0EED20A5EBAA006EC984 /* UITableView+FetchedResultsControllerConveniences.swift */; };
		7BF0DDA52232D41900E99660 /* UICollectionView+UnblockedBatchUpdates.swift in Sources */ = {isa = PBXBuildFile; fileRef = 7BEB0EEC20A5EBAA006EC984 /* UICollectionView+UnblockedBatchUpdates.swift */; };
		7BF0DDA62232D41900E99660 /* UICollectionView+FetchedResultsControllerConveniences.swift in Sources */ = {isa = PBXBuildFile; fileRef = 7BEB0EEE20A5EBAA006EC984 /* UICollectionView+FetchedResultsControllerConveniences.swift */; };
/* End PBXBuildFile section */

/* Begin PBXFileReference section */
		7B61BE1820A5E776002CE6C4 /* CollectionAndTableViewUpdateConveniences.framework */ = {isa = PBXFileReference; explicitFileType = wrapper.framework; includeInIndex = 0; path = CollectionAndTableViewUpdateConveniences.framework; sourceTree = BUILT_PRODUCTS_DIR; };
		7B61BE1C20A5E776002CE6C4 /* Info.plist */ = {isa = PBXFileReference; lastKnownFileType = text.plist.xml; path = Info.plist; sourceTree = "<group>"; };
		7B75FC3E2231433D007F37D0 /* License.txt */ = {isa = PBXFileReference; lastKnownFileType = text; path = License.txt; sourceTree = "<group>"; };
		7BEB0EEC20A5EBAA006EC984 /* UICollectionView+UnblockedBatchUpdates.swift */ = {isa = PBXFileReference; fileEncoding = 4; lastKnownFileType = sourcecode.swift; path = "UICollectionView+UnblockedBatchUpdates.swift"; sourceTree = "<group>"; };
		7BEB0EED20A5EBAA006EC984 /* UITableView+FetchedResultsControllerConveniences.swift */ = {isa = PBXFileReference; fileEncoding = 4; lastKnownFileType = sourcecode.swift; path = "UITableView+FetchedResultsControllerConveniences.swift"; sourceTree = "<group>"; };
		7BEB0EEE20A5EBAA006EC984 /* UICollectionView+FetchedResultsControllerConveniences.swift */ = {isa = PBXFileReference; fileEncoding = 4; lastKnownFileType = sourcecode.swift; path = "UICollectionView+FetchedResultsControllerConveniences.swift"; sourceTree = "<group>"; };
		7BF0B59F20A5FF5100719995 /* Readme.md */ = {isa = PBXFileReference; lastKnownFileType = net.daringfireball.markdown; path = Readme.md; sourceTree = "<group>"; wrapsLines = 1; };
		7BF0DDAD2232D41900E99660 /* CollectionAndTableViewUpdateConveniences.framework */ = {isa = PBXFileReference; explicitFileType = wrapper.framework; includeInIndex = 0; path = CollectionAndTableViewUpdateConveniences.framework; sourceTree = BUILT_PRODUCTS_DIR; };
/* End PBXFileReference section */

/* Begin PBXFrameworksBuildPhase section */
		7B61BE1420A5E776002CE6C4 /* Frameworks */ = {
			isa = PBXFrameworksBuildPhase;
			buildActionMask = 2147483647;
			files = (
			);
			runOnlyForDeploymentPostprocessing = 0;
		};
		7BF0DDA72232D41900E99660 /* Frameworks */ = {
			isa = PBXFrameworksBuildPhase;
			buildActionMask = 2147483647;
			files = (
			);
			runOnlyForDeploymentPostprocessing = 0;
		};
/* End PBXFrameworksBuildPhase section */

/* Begin PBXGroup section */
		7B61BE0E20A5E776002CE6C4 = {
			isa = PBXGroup;
			children = (
				7B75FC3E2231433D007F37D0 /* License.txt */,
				7BF0B59F20A5FF5100719995 /* Readme.md */,
				7B61BE1A20A5E776002CE6C4 /* CollectionAndTableViewUpdateConveniences */,
				7B61BE1920A5E776002CE6C4 /* Products */,
			);
			sourceTree = "<group>";
		};
		7B61BE1920A5E776002CE6C4 /* Products */ = {
			isa = PBXGroup;
			children = (
				7B61BE1820A5E776002CE6C4 /* CollectionAndTableViewUpdateConveniences.framework */,
				7BF0DDAD2232D41900E99660 /* CollectionAndTableViewUpdateConveniences.framework */,
			);
			name = Products;
			sourceTree = "<group>";
		};
		7B61BE1A20A5E776002CE6C4 /* CollectionAndTableViewUpdateConveniences */ = {
			isa = PBXGroup;
			children = (
				7BEB0EED20A5EBAA006EC984 /* UITableView+FetchedResultsControllerConveniences.swift */,
				7BEB0EEE20A5EBAA006EC984 /* UICollectionView+FetchedResultsControllerConveniences.swift */,
				7BEB0EEC20A5EBAA006EC984 /* UICollectionView+UnblockedBatchUpdates.swift */,
				7B61BE1C20A5E776002CE6C4 /* Info.plist */,
			);
			path = CollectionAndTableViewUpdateConveniences;
			sourceTree = "<group>";
		};
/* End PBXGroup section */

/* Begin PBXHeadersBuildPhase section */
		7B61BE1520A5E776002CE6C4 /* Headers */ = {
			isa = PBXHeadersBuildPhase;
			buildActionMask = 2147483647;
			files = (
			);
			runOnlyForDeploymentPostprocessing = 0;
		};
		7BF0DDA82232D41900E99660 /* Headers */ = {
			isa = PBXHeadersBuildPhase;
			buildActionMask = 2147483647;
			files = (
			);
			runOnlyForDeploymentPostprocessing = 0;
		};
/* End PBXHeadersBuildPhase section */

/* Begin PBXNativeTarget section */
		7B61BE1720A5E776002CE6C4 /* CollectionAndTableViewUpdateConveniences */ = {
			isa = PBXNativeTarget;
			buildConfigurationList = 7B61BE2020A5E776002CE6C4 /* Build configuration list for PBXNativeTarget "CollectionAndTableViewUpdateConveniences" */;
			buildPhases = (
				7B61BE1320A5E776002CE6C4 /* Sources */,
				7B61BE1420A5E776002CE6C4 /* Frameworks */,
				7B61BE1520A5E776002CE6C4 /* Headers */,
				7B61BE1620A5E776002CE6C4 /* Resources */,
			);
			buildRules = (
			);
			dependencies = (
			);
			name = CollectionAndTableViewUpdateConveniences;
			productName = CollectionAndTableViewUpdateConveniences;
			productReference = 7B61BE1820A5E776002CE6C4 /* CollectionAndTableViewUpdateConveniences.framework */;
			productType = "com.apple.product-type.framework";
		};
		7BF0DDA22232D41900E99660 /* CollectionAndTableViewUpdateConveniences-Static */ = {
			isa = PBXNativeTarget;
			buildConfigurationList = 7BF0DDAA2232D41900E99660 /* Build configuration list for PBXNativeTarget "CollectionAndTableViewUpdateConveniences-Static" */;
			buildPhases = (
				7BF0DDA32232D41900E99660 /* Sources */,
				7BF0DDA72232D41900E99660 /* Frameworks */,
				7BF0DDA82232D41900E99660 /* Headers */,
				7BF0DDA92232D41900E99660 /* Resources */,
			);
			buildRules = (
			);
			dependencies = (
			);
			name = "CollectionAndTableViewUpdateConveniences-Static";
			productName = CollectionAndTableViewUpdateConveniences;
			productReference = 7BF0DDAD2232D41900E99660 /* CollectionAndTableViewUpdateConveniences.framework */;
			productType = "com.apple.product-type.framework";
		};
/* End PBXNativeTarget section */

/* Begin PBXProject section */
		7B61BE0F20A5E776002CE6C4 /* Project object */ = {
			isa = PBXProject;
			attributes = {
				LastUpgradeCheck = 0930;
				ORGANIZATIONNAME = happn;
				TargetAttributes = {
					7B61BE1720A5E776002CE6C4 = {
						CreatedOnToolsVersion = 9.3.1;
						LastSwiftMigration = 1020;
					};
				};
			};
			buildConfigurationList = 7B61BE1220A5E776002CE6C4 /* Build configuration list for PBXProject "CollectionAndTableViewUpdateConveniences" */;
			compatibilityVersion = "Xcode 9.3";
			developmentRegion = en;
			hasScannedForEncodings = 0;
			knownRegions = (
				en,
				Base,
			);
			mainGroup = 7B61BE0E20A5E776002CE6C4;
			productRefGroup = 7B61BE1920A5E776002CE6C4 /* Products */;
			projectDirPath = "";
			projectRoot = "";
			targets = (
				7B61BE1720A5E776002CE6C4 /* CollectionAndTableViewUpdateConveniences */,
				7BF0DDA22232D41900E99660 /* CollectionAndTableViewUpdateConveniences-Static */,
			);
		};
/* End PBXProject section */

/* Begin PBXResourcesBuildPhase section */
		7B61BE1620A5E776002CE6C4 /* Resources */ = {
			isa = PBXResourcesBuildPhase;
			buildActionMask = 2147483647;
			files = (
			);
			runOnlyForDeploymentPostprocessing = 0;
		};
		7BF0DDA92232D41900E99660 /* Resources */ = {
			isa = PBXResourcesBuildPhase;
			buildActionMask = 2147483647;
			files = (
			);
			runOnlyForDeploymentPostprocessing = 0;
		};
/* End PBXResourcesBuildPhase section */

/* Begin PBXSourcesBuildPhase section */
		7B61BE1320A5E776002CE6C4 /* Sources */ = {
			isa = PBXSourcesBuildPhase;
			buildActionMask = 2147483647;
			files = (
				7BEB0EF020A5EBAA006EC984 /* UITableView+FetchedResultsControllerConveniences.swift in Sources */,
				7BEB0EEF20A5EBAA006EC984 /* UICollectionView+UnblockedBatchUpdates.swift in Sources */,
				7BEB0EF120A5EBAA006EC984 /* UICollectionView+FetchedResultsControllerConveniences.swift in Sources */,
			);
			runOnlyForDeploymentPostprocessing = 0;
		};
		7BF0DDA32232D41900E99660 /* Sources */ = {
			isa = PBXSourcesBuildPhase;
			buildActionMask = 2147483647;
			files = (
				7BF0DDA42232D41900E99660 /* UITableView+FetchedResultsControllerConveniences.swift in Sources */,
				7BF0DDA52232D41900E99660 /* UICollectionView+UnblockedBatchUpdates.swift in Sources */,
				7BF0DDA62232D41900E99660 /* UICollectionView+FetchedResultsControllerConveniences.swift in Sources */,
			);
			runOnlyForDeploymentPostprocessing = 0;
		};
/* End PBXSourcesBuildPhase section */

/* Begin XCBuildConfiguration section */
		7B61BE1E20A5E776002CE6C4 /* Debug */ = {
			isa = XCBuildConfiguration;
			buildSettings = {
				ALWAYS_SEARCH_USER_PATHS = NO;
				CLANG_ANALYZER_NONNULL = YES;
				CLANG_ANALYZER_NUMBER_OBJECT_CONVERSION = YES_AGGRESSIVE;
				CLANG_CXX_LANGUAGE_STANDARD = "gnu++14";
				CLANG_CXX_LIBRARY = "libc++";
				CLANG_ENABLE_MODULES = YES;
				CLANG_ENABLE_OBJC_ARC = YES;
				CLANG_ENABLE_OBJC_WEAK = YES;
				CLANG_WARN_BLOCK_CAPTURE_AUTORELEASING = YES;
				CLANG_WARN_BOOL_CONVERSION = YES;
				CLANG_WARN_COMMA = YES;
				CLANG_WARN_CONSTANT_CONVERSION = YES;
				CLANG_WARN_DEPRECATED_OBJC_IMPLEMENTATIONS = YES;
				CLANG_WARN_DIRECT_OBJC_ISA_USAGE = YES_ERROR;
				CLANG_WARN_DOCUMENTATION_COMMENTS = YES;
				CLANG_WARN_EMPTY_BODY = YES;
				CLANG_WARN_ENUM_CONVERSION = YES;
				CLANG_WARN_INFINITE_RECURSION = YES;
				CLANG_WARN_INT_CONVERSION = YES;
				CLANG_WARN_NON_LITERAL_NULL_CONVERSION = YES;
				CLANG_WARN_OBJC_IMPLICIT_RETAIN_SELF = YES;
				CLANG_WARN_OBJC_LITERAL_CONVERSION = YES;
				CLANG_WARN_OBJC_ROOT_CLASS = YES_ERROR;
				CLANG_WARN_RANGE_LOOP_ANALYSIS = YES;
				CLANG_WARN_STRICT_PROTOTYPES = YES;
				CLANG_WARN_SUSPICIOUS_MOVE = YES;
				CLANG_WARN_UNGUARDED_AVAILABILITY = YES_AGGRESSIVE;
				CLANG_WARN_UNREACHABLE_CODE = YES;
				CLANG_WARN__DUPLICATE_METHOD_MATCH = YES;
				CODE_SIGN_IDENTITY = "iPhone Developer";
				COPY_PHASE_STRIP = NO;
				CURRENT_PROJECT_VERSION = 1;
				DEBUG_INFORMATION_FORMAT = dwarf;
				DEFINES_MODULE = YES;
				DYLIB_COMPATIBILITY_VERSION = 1.0;
				DYLIB_CURRENT_VERSION = 1.0.1;
				ENABLE_STRICT_OBJC_MSGSEND = YES;
				ENABLE_TESTABILITY = YES;
				GCC_C_LANGUAGE_STANDARD = gnu11;
				GCC_DYNAMIC_NO_PIC = NO;
				GCC_NO_COMMON_BLOCKS = YES;
				GCC_OPTIMIZATION_LEVEL = 0;
				GCC_PREPROCESSOR_DEFINITIONS = (
					"DEBUG=1",
					"$(inherited)",
				);
				GCC_WARN_64_TO_32_BIT_CONVERSION = YES;
				GCC_WARN_ABOUT_RETURN_TYPE = YES_ERROR;
				GCC_WARN_UNDECLARED_SELECTOR = YES;
				GCC_WARN_UNINITIALIZED_AUTOS = YES_AGGRESSIVE;
				GCC_WARN_UNUSED_FUNCTION = YES;
				GCC_WARN_UNUSED_VARIABLE = YES;
				INFOPLIST_FILE = CollectionAndTableViewUpdateConveniences/Info.plist;
				INSTALL_PATH = "$(LOCAL_LIBRARY_DIR)/Frameworks";
				IPHONEOS_DEPLOYMENT_TARGET = 8.0;
				MTL_ENABLE_DEBUG_INFO = YES;
				ONLY_ACTIVE_ARCH = YES;
				SDKROOT = iphoneos;
				SKIP_INSTALL = YES;
				SWIFT_ACTIVE_COMPILATION_CONDITIONS = DEBUG;
				SWIFT_OPTIMIZATION_LEVEL = "-Onone";
				SWIFT_VERSION = 5.0;
				TARGETED_DEVICE_FAMILY = "1,2";
				VERSIONING_SYSTEM = "apple-generic";
				VERSION_INFO_PREFIX = HPN;
			};
			name = Debug;
		};
		7B61BE1F20A5E776002CE6C4 /* Release */ = {
			isa = XCBuildConfiguration;
			buildSettings = {
				ALWAYS_SEARCH_USER_PATHS = NO;
				CLANG_ANALYZER_NONNULL = YES;
				CLANG_ANALYZER_NUMBER_OBJECT_CONVERSION = YES_AGGRESSIVE;
				CLANG_CXX_LANGUAGE_STANDARD = "gnu++14";
				CLANG_CXX_LIBRARY = "libc++";
				CLANG_ENABLE_MODULES = YES;
				CLANG_ENABLE_OBJC_ARC = YES;
				CLANG_ENABLE_OBJC_WEAK = YES;
				CLANG_WARN_BLOCK_CAPTURE_AUTORELEASING = YES;
				CLANG_WARN_BOOL_CONVERSION = YES;
				CLANG_WARN_COMMA = YES;
				CLANG_WARN_CONSTANT_CONVERSION = YES;
				CLANG_WARN_DEPRECATED_OBJC_IMPLEMENTATIONS = YES;
				CLANG_WARN_DIRECT_OBJC_ISA_USAGE = YES_ERROR;
				CLANG_WARN_DOCUMENTATION_COMMENTS = YES;
				CLANG_WARN_EMPTY_BODY = YES;
				CLANG_WARN_ENUM_CONVERSION = YES;
				CLANG_WARN_INFINITE_RECURSION = YES;
				CLANG_WARN_INT_CONVERSION = YES;
				CLANG_WARN_NON_LITERAL_NULL_CONVERSION = YES;
				CLANG_WARN_OBJC_IMPLICIT_RETAIN_SELF = YES;
				CLANG_WARN_OBJC_LITERAL_CONVERSION = YES;
				CLANG_WARN_OBJC_ROOT_CLASS = YES_ERROR;
				CLANG_WARN_RANGE_LOOP_ANALYSIS = YES;
				CLANG_WARN_STRICT_PROTOTYPES = YES;
				CLANG_WARN_SUSPICIOUS_MOVE = YES;
				CLANG_WARN_UNGUARDED_AVAILABILITY = YES_AGGRESSIVE;
				CLANG_WARN_UNREACHABLE_CODE = YES;
				CLANG_WARN__DUPLICATE_METHOD_MATCH = YES;
				CODE_SIGN_IDENTITY = "iPhone Developer";
				COPY_PHASE_STRIP = NO;
				CURRENT_PROJECT_VERSION = 1;
				DEBUG_INFORMATION_FORMAT = "dwarf-with-dsym";
				DEFINES_MODULE = YES;
				DYLIB_COMPATIBILITY_VERSION = 1.0;
				DYLIB_CURRENT_VERSION = 1.0.1;
				ENABLE_NS_ASSERTIONS = NO;
				ENABLE_STRICT_OBJC_MSGSEND = YES;
				GCC_C_LANGUAGE_STANDARD = gnu11;
				GCC_NO_COMMON_BLOCKS = YES;
				GCC_WARN_64_TO_32_BIT_CONVERSION = YES;
				GCC_WARN_ABOUT_RETURN_TYPE = YES_ERROR;
				GCC_WARN_UNDECLARED_SELECTOR = YES;
				GCC_WARN_UNINITIALIZED_AUTOS = YES_AGGRESSIVE;
				GCC_WARN_UNUSED_FUNCTION = YES;
				GCC_WARN_UNUSED_VARIABLE = YES;
				INFOPLIST_FILE = CollectionAndTableViewUpdateConveniences/Info.plist;
				INSTALL_PATH = "$(LOCAL_LIBRARY_DIR)/Frameworks";
				IPHONEOS_DEPLOYMENT_TARGET = 8.0;
				MTL_ENABLE_DEBUG_INFO = NO;
				SDKROOT = iphoneos;
				SKIP_INSTALL = YES;
				SWIFT_COMPILATION_MODE = wholemodule;
				SWIFT_OPTIMIZATION_LEVEL = "-O";
				SWIFT_VERSION = 5.0;
				TARGETED_DEVICE_FAMILY = "1,2";
				VALIDATE_PRODUCT = YES;
				VERSIONING_SYSTEM = "apple-generic";
				VERSION_INFO_PREFIX = HPN;
			};
			name = Release;
		};
		7B61BE2120A5E776002CE6C4 /* Debug */ = {
			isa = XCBuildConfiguration;
			buildSettings = {
				CODE_SIGN_IDENTITY = "";
				CODE_SIGN_STYLE = Automatic;
				DYLIB_INSTALL_NAME_BASE = "@rpath";
				LD_RUNPATH_SEARCH_PATHS = (
					"$(inherited)",
					"@executable_path/Frameworks",
					"@loader_path/Frameworks",
				);
				PRODUCT_BUNDLE_IDENTIFIER = com.happn.CollectionAndTableViewUpdateConveniences;
				PRODUCT_NAME = CollectionAndTableViewUpdateConveniences;
			};
			name = Debug;
		};
		7B61BE2220A5E776002CE6C4 /* Release */ = {
			isa = XCBuildConfiguration;
			buildSettings = {
				CODE_SIGN_IDENTITY = "";
				CODE_SIGN_STYLE = Automatic;
				DYLIB_INSTALL_NAME_BASE = "@rpath";
				LD_RUNPATH_SEARCH_PATHS = (
					"$(inherited)",
					"@executable_path/Frameworks",
					"@loader_path/Frameworks",
				);
				PRODUCT_BUNDLE_IDENTIFIER = com.happn.CollectionAndTableViewUpdateConveniences;
				PRODUCT_NAME = CollectionAndTableViewUpdateConveniences;
			};
			name = Release;
		};
		7BF0DDAB2232D41900E99660 /* Debug */ = {
			isa = XCBuildConfiguration;
			buildSettings = {
				CODE_SIGN_IDENTITY = "";
				CODE_SIGN_STYLE = Automatic;
				MACH_O_TYPE = staticlib;
				PRODUCT_BUNDLE_IDENTIFIER = "com.happn.CollectionAndTableViewUpdateConveniences-Static";
				PRODUCT_NAME = CollectionAndTableViewUpdateConveniences;
			};
			name = Debug;
		};
		7BF0DDAC2232D41900E99660 /* Release */ = {
			isa = XCBuildConfiguration;
			buildSettings = {
				CODE_SIGN_IDENTITY = "";
				CODE_SIGN_STYLE = Automatic;
				MACH_O_TYPE = staticlib;
				PRODUCT_BUNDLE_IDENTIFIER = "com.happn.CollectionAndTableViewUpdateConveniences-Static";
				PRODUCT_NAME = CollectionAndTableViewUpdateConveniences;
			};
			name = Release;
		};
/* End XCBuildConfiguration section */

/* Begin XCConfigurationList section */
		7B61BE1220A5E776002CE6C4 /* Build configuration list for PBXProject "CollectionAndTableViewUpdateConveniences" */ = {
			isa = XCConfigurationList;
			buildConfigurations = (
				7B61BE1E20A5E776002CE6C4 /* Debug */,
				7B61BE1F20A5E776002CE6C4 /* Release */,
			);
			defaultConfigurationIsVisible = 0;
			defaultConfigurationName = Release;
		};
		7B61BE2020A5E776002CE6C4 /* Build configuration list for PBXNativeTarget "CollectionAndTableViewUpdateConveniences" */ = {
			isa = XCConfigurationList;
			buildConfigurations = (
				7B61BE2120A5E776002CE6C4 /* Debug */,
				7B61BE2220A5E776002CE6C4 /* Release */,
			);
			defaultConfigurationIsVisible = 0;
			defaultConfigurationName = Release;
		};
		7BF0DDAA2232D41900E99660 /* Build configuration list for PBXNativeTarget "CollectionAndTableViewUpdateConveniences-Static" */ = {
			isa = XCConfigurationList;
			buildConfigurations = (
				7BF0DDAB2232D41900E99660 /* Debug */,
				7BF0DDAC2232D41900E99660 /* Release */,
			);
			defaultConfigurationIsVisible = 0;
			defaultConfigurationName = Release;
		};
/* End XCConfigurationList section */
	};
	rootObject = 7B61BE0F20A5E776002CE6C4 /* Project object */;
}
